{
  "name": "@yacc/prettier-config",
  "version": "0.0.1",
  "lockfileVersion": 2,
  "requires": true,
  "packages": {
    "": {
      "name": "@yacc/prettier-config",
      "version": "0.0.1",
      "license": "ISC",
      "dependencies": {
        "prettier": "^3.1.1"
      }
    },
    "node_modules/prettier": {
      "version": "3.1.1",
      "resolved": "http://10.19.33.40:18081/repository/npm-group/prettier/-/prettier-3.1.1.tgz",
      "integrity": "sha512-22UbSzg8luF4UuZtzgiUOfcGM8s4tjBv6dJRT7j275NXsy2jb4aJa4NNveul5x4eqlF1wuhuR2RElK71RvmVaw==",
      "license": "MIT",
      "bin": {
        "prettier": "bin/prettier.cjs"
      },
      "engines": {
        "node": ">=14"
      },
      "funding": {
        "url": "https://github.com/prettier/prettier?sponsor=1"
      }
    }
  },
  "dependencies": {
    "prettier": {
      "version": "3.1.1",
      "resolved": "http://10.19.33.40:18081/repository/npm-group/prettier/-/prettier-3.1.1.tgz",
      "integrity": "sha512-22UbSzg8luF4UuZtzgiUOfcGM8s4tjBv6dJRT7j275NXsy2jb4aJa4NNveul5x4eqlF1wuhuR2RElK71RvmVaw=="
    }
  }
}
